
Microsoft Visual Studio Solution File, Format Version 12.00
# Visual Studio Version 16
VisualStudioVersion = 16.0.31911.196
MinimumVisualStudioVersion = 10.0.40219.1
Project("{FAE04EC0-301F-11D3-BF4B-00C04F79EFBC}") = "graphicalPickCards", "graphicalPickCards.csproj", "{AD5965DC-59AC-4EF1-94F8-2A24B2A03140}"
EndProject
Global
	GlobalSection(SolutionConfigurationPlatforms) = preSolution
		Debug|Any CPU = Debug|Any CPU
		Release|Any CPU = Release|Any CPU
	EndGlobalSection
	GlobalSection(ProjectConfigurationPlatforms) = postSolution
		{AD5965DC-59AC-4EF1-94F8-2A24B2A03140}.Debug|Any CPU.ActiveCfg = Debug|Any CPU
		{AD5965DC-59AC-4EF1-94F8-2A24B2A03140}.Debug|Any CPU.Build.0 = Debug|Any CPU
		{AD5965DC-59AC-4EF1-94F8-2A24B2A03140}.Release|Any CPU.ActiveCfg = Release|Any CPU
		{AD5965DC-59AC-4EF1-94F8-2A24B2A03140}.Release|Any CPU.Build.0 = Release|Any CPU
	EndGlobalSection
	GlobalSection(SolutionProperties) = preSolution
		HideSolutionNode = FALSE
	EndGlobalSection
	GlobalSection(ExtensibilityGlobals) = postSolution
		SolutionGuid = {67CAB7B7-AA69-4CC5-AF87-EFF9B6BDE224}
	EndGlobalSection
EndGlobal
